{
  "name": "@kanthorlabs/kanthor",
  "version": "2022.1201.1701",
  "lockfileVersion": 2,
  "requires": true,
  "packages": {
    "": {
      "name": "@kanthorlabs/kanthor",
      "version": "2022.1201.1701",
      "license": "MIT",
      "dependencies": {
        "whatwg-fetch": "^3.6.19"
      }
    },
    "node_modules/whatwg-fetch": {
      "version": "3.6.19",
      "resolved": "https://registry.npmjs.org/whatwg-fetch/-/whatwg-fetch-3.6.19.tgz",
      "integrity": "sha512-d67JP4dHSbm2TrpFj8AbO8DnL1JXL5J9u0Kq2xW6d0TFDbCA3Muhdt8orXC22utleTVj7Prqt82baN6RBvnEgw=="
    }
  },
  "dependencies": {
    "whatwg-fetch": {
      "version": "3.6.19",
      "resolved": "https://registry.npmjs.org/whatwg-fetch/-/whatwg-fetch-3.6.19.tgz",
      "integrity": "sha512-d67JP4dHSbm2TrpFj8AbO8DnL1JXL5J9u0Kq2xW6d0TFDbCA3Muhdt8orXC22utleTVj7Prqt82baN6RBvnEgw=="
    }
  }
}
